Microsoft Visual Studio Solution File, Format Version 12.00
# Visual Studio Version 17
VisualStudioVersion = 17.5.2.0
MinimumVisualStudioVersion = 10.0.40219.1
Project("{FAE04EC0-301F-11D3-BF4B-00C04F79EFBC}") = "AvaloniaInkCanvasDemo", "AvaloniaInkCanvasDemo.csproj", "{241C853F-7848-0332-ACCD-EBF34DA8AE85}"
EndProject
Global
	GlobalSection(SolutionConfigurationPlatforms) = preSolution
		Debug|Any CPU = Debug|Any CPU
		Release|Any CPU = Release|Any CPU
	EndGlobalSection
	GlobalSection(ProjectConfigurationPlatforms) = postSolution
		{241C853F-7848-0332-ACCD-EBF34DA8AE85}.Debug|Any CPU.ActiveCfg = Debug|Any CPU
		{241C853F-7848-0332-ACCD-EBF34DA8AE85}.Debug|Any CPU.Build.0 = Debug|Any CPU
		{241C853F-7848-0332-ACCD-EBF34DA8AE85}.Release|Any CPU.ActiveCfg = Release|Any CPU
		{241C853F-7848-0332-ACCD-EBF34DA8AE85}.Release|Any CPU.Build.0 = Release|Any CPU
	EndGlobalSection
	GlobalSection(SolutionProperties) = preSolution
		HideSolutionNode = FALSE
	EndGlobalSection
	GlobalSection(ExtensibilityGlobals) = postSolution
		SolutionGuid = {7889121D-7243-460D-BB38-3F81BAC8FB33}
	EndGlobalSection
EndGlobal
