
Microsoft Visual Studio Solution File, Format Version 12.00
# Visual Studio Version 17
VisualStudioVersion = 17.5.2.0
MinimumVisualStudioVersion = 10.0.40219.1
Project("{FAE04EC0-301F-11D3-BF4B-00C04F79EFBC}") = "AvaloniaInkCanvasDemo", "AvaloniaInkCanvasDemo.csproj", "{241C853F-7848-0332-ACCD-EBF34DA8AE85}"
EndProject
Project("{FAE04EC0-301F-11D3-BF4B-00C04F79EFBC}") = "DotNetCampus.AvaloniaInkCanvas", "..\DotNetCampus.InkCanvas\src\DotNetCampus.AvaloniaInkCanvas\DotNetCampus.AvaloniaInkCanvas.csproj", "{35F87CE6-6A6E-44D1-B116-B6D5BCCBD787}"
EndProject
Project("{FAE04EC0-301F-11D3-BF4B-00C04F79EFBC}") = "DotNetCampus.InkCanvas.InkCore", "..\DotNetCampus.InkCanvas\src\DotNetCampus.InkCanvas.InkCore\DotNetCampus.InkCanvas.InkCore.csproj", "{76E07E96-638B-4A47-B55F-6809498F5DB1}"
EndProject
Project("{FAE04EC0-301F-11D3-BF4B-00C04F79EFBC}") = "DotNetCampus.InkCanvas.SkiaInk", "..\DotNetCampus.InkCanvas\src\DotNetCampus.InkCanvas.SkiaInk\DotNetCampus.InkCanvas.SkiaInk.csproj", "{358157CD-A434-42DD-95A9-CC9AC576A6FB}"
EndProject
Global
	GlobalSection(SolutionConfigurationPlatforms) = preSolution
		Debug|Any CPU = Debug|Any CPU
		Debug|x64 = Debug|x64
		Debug|x86 = Debug|x86
		Release|Any CPU = Release|Any CPU
		Release|x64 = Release|x64
		Release|x86 = Release|x86
	EndGlobalSection
	GlobalSection(ProjectConfigurationPlatforms) = postSolution
		{241C853F-7848-0332-ACCD-EBF34DA8AE85}.Debug|Any CPU.ActiveCfg = Debug|Any CPU
		{241C853F-7848-0332-ACCD-EBF34DA8AE85}.Debug|Any CPU.Build.0 = Debug|Any CPU
		{241C853F-7848-0332-ACCD-EBF34DA8AE85}.Debug|x64.ActiveCfg = Debug|Any CPU
		{241C853F-7848-0332-ACCD-EBF34DA8AE85}.Debug|x64.Build.0 = Debug|Any CPU
		{241C853F-7848-0332-ACCD-EBF34DA8AE85}.Debug|x86.ActiveCfg = Debug|Any CPU
		{241C853F-7848-0332-ACCD-EBF34DA8AE85}.Debug|x86.Build.0 = Debug|Any CPU
		{241C853F-7848-0332-ACCD-EBF34DA8AE85}.Release|Any CPU.ActiveCfg = Release|Any CPU
		{241C853F-7848-0332-ACCD-EBF34DA8AE85}.Release|Any CPU.Build.0 = Release|Any CPU
		{241C853F-7848-0332-ACCD-EBF34DA8AE85}.Release|x64.ActiveCfg = Release|Any CPU
		{241C853F-7848-0332-ACCD-EBF34DA8AE85}.Release|x64.Build.0 = Release|Any CPU
		{241C853F-7848-0332-ACCD-EBF34DA8AE85}.Release|x86.ActiveCfg = Release|Any CPU
		{241C853F-7848-0332-ACCD-EBF34DA8AE85}.Release|x86.Build.0 = Release|Any CPU
		{35F87CE6-6A6E-44D1-B116-B6D5BCCBD787}.Debug|Any CPU.ActiveCfg = Debug|Any CPU
		{35F87CE6-6A6E-44D1-B116-B6D5BCCBD787}.Debug|Any CPU.Build.0 = Debug|Any CPU
		{35F87CE6-6A6E-44D1-B116-B6D5BCCBD787}.Debug|x64.ActiveCfg = Debug|Any CPU
		{35F87CE6-6A6E-44D1-B116-B6D5BCCBD787}.Debug|x64.Build.0 = Debug|Any CPU
		{35F87CE6-6A6E-44D1-B116-B6D5BCCBD787}.Debug|x86.ActiveCfg = Debug|Any CPU
		{35F87CE6-6A6E-44D1-B116-B6D5BCCBD787}.Debug|x86.Build.0 = Debug|Any CPU
		{35F87CE6-6A6E-44D1-B116-B6D5BCCBD787}.Release|Any CPU.ActiveCfg = Release|Any CPU
		{35F87CE6-6A6E-44D1-B116-B6D5BCCBD787}.Release|Any CPU.Build.0 = Release|Any CPU
		{35F87CE6-6A6E-44D1-B116-B6D5BCCBD787}.Release|x64.ActiveCfg = Release|Any CPU
		{35F87CE6-6A6E-44D1-B116-B6D5BCCBD787}.Release|x64.Build.0 = Release|Any CPU
		{35F87CE6-6A6E-44D1-B116-B6D5BCCBD787}.Release|x86.ActiveCfg = Release|Any CPU
		{35F87CE6-6A6E-44D1-B116-B6D5BCCBD787}.Release|x86.Build.0 = Release|Any CPU
		{76E07E96-638B-4A47-B55F-6809498F5DB1}.Debug|Any CPU.ActiveCfg = Debug|Any CPU
		{76E07E96-638B-4A47-B55F-6809498F5DB1}.Debug|Any CPU.Build.0 = Debug|Any CPU
		{76E07E96-638B-4A47-B55F-6809498F5DB1}.Debug|x64.ActiveCfg = Debug|Any CPU
		{76E07E96-638B-4A47-B55F-6809498F5DB1}.Debug|x64.Build.0 = Debug|Any CPU
		{76E07E96-638B-4A47-B55F-6809498F5DB1}.Debug|x86.ActiveCfg = Debug|Any CPU
		{76E07E96-638B-4A47-B55F-6809498F5DB1}.Debug|x86.Build.0 = Debug|Any CPU
		{76E07E96-638B-4A47-B55F-6809498F5DB1}.Release|Any CPU.ActiveCfg = Release|Any CPU
		{76E07E96-638B-4A47-B55F-6809498F5DB1}.Release|Any CPU.Build.0 = Release|Any CPU
		{76E07E96-638B-4A47-B55F-6809498F5DB1}.Release|x64.ActiveCfg = Release|Any CPU
		{76E07E96-638B-4A47-B55F-6809498F5DB1}.Release|x64.Build.0 = Release|Any CPU
		{76E07E96-638B-4A47-B55F-6809498F5DB1}.Release|x86.ActiveCfg = Release|Any CPU
		{76E07E96-638B-4A47-B55F-6809498F5DB1}.Release|x86.Build.0 = Release|Any CPU
		{358157CD-A434-42DD-95A9-CC9AC576A6FB}.Debug|Any CPU.ActiveCfg = Debug|Any CPU
		{358157CD-A434-42DD-95A9-CC9AC576A6FB}.Debug|Any CPU.Build.0 = Debug|Any CPU
		{358157CD-A434-42DD-95A9-CC9AC576A6FB}.Debug|x64.ActiveCfg = Debug|Any CPU
		{358157CD-A434-42DD-95A9-CC9AC576A6FB}.Debug|x64.Build.0 = Debug|Any CPU
		{358157CD-A434-42DD-95A9-CC9AC576A6FB}.Debug|x86.ActiveCfg = Debug|Any CPU
		{358157CD-A434-42DD-95A9-CC9AC576A6FB}.Debug|x86.Build.0 = Debug|Any CPU
		{358157CD-A434-42DD-95A9-CC9AC576A6FB}.Release|Any CPU.ActiveCfg = Release|Any CPU
		{358157CD-A434-42DD-95A9-CC9AC576A6FB}.Release|Any CPU.Build.0 = Release|Any CPU
		{358157CD-A434-42DD-95A9-CC9AC576A6FB}.Release|x64.ActiveCfg = Release|Any CPU
		{358157CD-A434-42DD-95A9-CC9AC576A6FB}.Release|x64.Build.0 = Release|Any CPU
		{358157CD-A434-42DD-95A9-CC9AC576A6FB}.Release|x86.ActiveCfg = Release|Any CPU
		{358157CD-A434-42DD-95A9-CC9AC576A6FB}.Release|x86.Build.0 = Release|Any CPU
	EndGlobalSection
	GlobalSection(SolutionProperties) = preSolution
		HideSolutionNode = FALSE
	EndGlobalSection
	GlobalSection(ExtensibilityGlobals) = postSolution
		SolutionGuid = {7889121D-7243-460D-BB38-3F81BAC8FB33}
	EndGlobalSection
EndGlobal
